
Microsoft Visual Studio Solution File, Format Version 12.00
# Visual Studio Version 16
VisualStudioVersion = 16.0.32510.428
MinimumVisualStudioVersion = 10.0.40219.1
Project("{FAE04EC0-301F-11D3-BF4B-00C04F79EFBC}") = "AppplicationStubWpfMVVM", "AppplicationStubWpfMVVM\AppplicationStubWpfMVVM.csproj", "{1407C6B0-18B3-4D4A-ACE2-6BC217717516}"
EndProject
Global
	GlobalSection(SolutionConfigurationPlatforms) = preSolution
		Debug|Any CPU = Debug|Any CPU
		Release|Any CPU = Release|Any CPU
	EndGlobalSection
	GlobalSection(ProjectConfigurationPlatforms) = postSolution
		{1407C6B0-18B3-4D4A-ACE2-6BC217717516}.Debug|Any CPU.ActiveCfg = Debug|Any CPU
		{1407C6B0-18B3-4D4A-ACE2-6BC217717516}.Debug|Any CPU.Build.0 = Debug|Any CPU
		{1407C6B0-18B3-4D4A-ACE2-6BC217717516}.Release|Any CPU.ActiveCfg = Release|Any CPU
		{1407C6B0-18B3-4D4A-ACE2-6BC217717516}.Release|Any CPU.Build.0 = Release|Any CPU
	EndGlobalSection
	GlobalSection(SolutionProperties) = preSolution
		HideSolutionNode = FALSE
	EndGlobalSection
	GlobalSection(ExtensibilityGlobals) = postSolution
		SolutionGuid = {10BE2834-9676-4FD2-B594-BD6D12F6A22A}
	EndGlobalSection
EndGlobal
